// !$*UTF8*$!
{
	archiveVersion = 1;
	classes = {
	};
	objectVersion = 56;
	objects = {

/* Begin PBXBuildFile section */
		B4709F7D2B0E3FFC00DBEADC /* AppDelegate.swift in Sources */ = {isa = PBXBuildFile; fileRef = B4709F7C2B0E3FFC00DBEADC /* AppDelegate.swift */; };
		B4709F7F2B0E3FFC00DBEADC /* SceneDelegate.swift in Sources */ = {isa = PBXBuildFile; fileRef = B4709F7E2B0E3FFC00DBEADC /* SceneDelegate.swift */; };
		B4709F812B0E3FFC00DBEADC /* MainViewController.swift in Sources */ = {isa = PBXBuildFile; fileRef = B4709F802B0E3FFC00DBEADC /* MainViewController.swift */; };
		B4709F862B0E3FFE00DBEADC /* Assets.xcassets in Resources */ = {isa = PBXBuildFile; fileRef = B4709F852B0E3FFE00DBEADC /* Assets.xcassets */; };
		B4709F892B0E3FFE00DBEADC /* LaunchScreen.storyboard in Resources */ = {isa = PBXBuildFile; fileRef = B4709F872B0E3FFE00DBEADC /* LaunchScreen.storyboard */; };
		B4709F982B0E431E00DBEADC /* SnapKit in Frameworks */ = {isa = PBXBuildFile; productRef = B4709F972B0E431E00DBEADC /* SnapKit */; };
		B4709F9A2B0E696400DBEADC /* View + Extension.swift in Sources */ = {isa = PBXBuildFile; fileRef = B4709F992B0E696400DBEADC /* View + Extension.swift */; };
/* End PBXBuildFile section */

/* Begin PBXFileReference section */
		B4709F792B0E3FFC00DBEADC /* HH.app */ = {isa = PBXFileReference; explicitFileType = wrapper.application; includeInIndex = 0; path = HH.app; sourceTree = BUILT_PRODUCTS_DIR; };
		B4709F7C2B0E3FFC00DBEADC /* AppDelegate.swift */ = {isa = PBXFileReference; lastKnownFileType = sourcecode.swift; path = AppDelegate.swift; sourceTree = "<group>"; };
		B4709F7E2B0E3FFC00DBEADC /* SceneDelegate.swift */ = {isa = PBXFileReference; lastKnownFileType = sourcecode.swift; path = SceneDelegate.swift; sourceTree = "<group>"; };
		B4709F802B0E3FFC00DBEADC /* MainViewController.swift */ = {isa = PBXFileReference; lastKnownFileType = sourcecode.swift; path = MainViewController.swift; sourceTree = "<group>"; };
		B4709F852B0E3FFE00DBEADC /* Assets.xcassets */ = {isa = PBXFileReference; lastKnownFileType = folder.assetcatalog; path = Assets.xcassets; sourceTree = "<group>"; };
		B4709F882B0E3FFE00DBEADC /* Base */ = {isa = PBXFileReference; lastKnownFileType = file.storyboard; name = Base; path = Base.lproj/LaunchScreen.storyboard; sourceTree = "<group>"; };
		B4709F8A2B0E3FFE00DBEADC /* Info.plist */ = {isa = PBXFileReference; lastKnownFileType = text.plist.xml; path = Info.plist; sourceTree = "<group>"; };
		B4709F992B0E696400DBEADC /* View + Extension.swift */ = {isa = PBXFileReference; lastKnownFileType = sourcecode.swift; path = "View + Extension.swift"; sourceTree = "<group>"; };
/* End PBXFileReference section */

/* Begin PBXFrameworksBuildPhase section */
		B4709F762B0E3FFC00DBEADC /* Frameworks */ = {
			isa = PBXFrameworksBuildPhase;
			buildActionMask = 2147483647;
			files = (
				B4709F982B0E431E00DBEADC /* SnapKit in Frameworks */,
			);
			runOnlyForDeploymentPostprocessing = 0;
		};
/* End PBXFrameworksBuildPhase section */

/* Begin PBXGroup section */
		B4709F702B0E3FFC00DBEADC = {
			isa = PBXGroup;
			children = (
				B4709F7B2B0E3FFC00DBEADC /* HH */,
				B4709F7A2B0E3FFC00DBEADC /* Products */,
			);
			sourceTree = "<group>";
		};
		B4709F7A2B0E3FFC00DBEADC /* Products */ = {
			isa = PBXGroup;
			children = (
				B4709F792B0E3FFC00DBEADC /* HH.app */,
			);
			name = Products;
			sourceTree = "<group>";
		};
		B4709F7B2B0E3FFC00DBEADC /* HH */ = {
			isa = PBXGroup;
			children = (
				B4709F902B0E40FC00DBEADC /* Resourses */,
				B4709F932B0E420500DBEADC /* Sourses */,
				B4709F922B0E41EC00DBEADC /* Storyboards */,
			);
			path = HH;
			sourceTree = "<group>";
		};
		B4709F902B0E40FC00DBEADC /* Resourses */ = {
			isa = PBXGroup;
			children = (
				B4709F852B0E3FFE00DBEADC /* Assets.xcassets */,
				B4709F912B0E414500DBEADC /* Configuration */,
			);
			path = Resourses;
			sourceTree = "<group>";
		};
		B4709F912B0E414500DBEADC /* Configuration */ = {
			isa = PBXGroup;
			children = (
				B4709F8A2B0E3FFE00DBEADC /* Info.plist */,
			);
			path = Configuration;
			sourceTree = "<group>";
		};
		B4709F922B0E41EC00DBEADC /* Storyboards */ = {
			isa = PBXGroup;
			children = (
				B4709F872B0E3FFE00DBEADC /* LaunchScreen.storyboard */,
			);
			path = Storyboards;
			sourceTree = "<group>";
		};
		B4709F932B0E420500DBEADC /* Sourses */ = {
			isa = PBXGroup;
			children = (
				B4709F942B0E421400DBEADC /* App */,
				B4709F802B0E3FFC00DBEADC /* MainViewController.swift */,
				B4709F952B0E422800DBEADC /* Extensions */,
			);
			path = Sourses;
			sourceTree = "<group>";
		};
		B4709F942B0E421400DBEADC /* App */ = {
			isa = PBXGroup;
			children = (
				B4709F7C2B0E3FFC00DBEADC /* AppDelegate.swift */,
				B4709F7E2B0E3FFC00DBEADC /* SceneDelegate.swift */,
			);
			path = App;
			sourceTree = "<group>";
		};
		B4709F952B0E422800DBEADC /* Extensions */ = {
			isa = PBXGroup;
			children = (
				B4709F992B0E696400DBEADC /* View + Extension.swift */,
			);
			path = Extensions;
			sourceTree = "<group>";
		};
/* End PBXGroup section */

/* Begin PBXNativeTarget section */
		B4709F782B0E3FFC00DBEADC /* HH */ = {
			isa = PBXNativeTarget;
			buildConfigurationList = B4709F8D2B0E3FFE00DBEADC /* Build configuration list for PBXNativeTarget "HH" */;
			buildPhases = (
				B4709F752B0E3FFC00DBEADC /* Sources */,
				B4709F762B0E3FFC00DBEADC /* Frameworks */,
				B4709F772B0E3FFC00DBEADC /* Resources */,
			);
			buildRules = (
			);
			dependencies = (
			);
			name = HH;
			packageProductDependencies = (
				B4709F972B0E431E00DBEADC /* SnapKit */,
			);
			productName = HH;
			productReference = B4709F792B0E3FFC00DBEADC /* HH.app */;
			productType = "com.apple.product-type.application";
		};
/* End PBXNativeTarget section */

/* Begin PBXProject section */
		B4709F712B0E3FFC00DBEADC /* Project object */ = {
			isa = PBXProject;
			attributes = {
				BuildIndependentTargetsInParallel = 1;
				LastSwiftUpdateCheck = 1430;
				LastUpgradeCheck = 1430;
				TargetAttributes = {
					B4709F782B0E3FFC00DBEADC = {
						CreatedOnToolsVersion = 14.3.1;
					};
				};
			};
			buildConfigurationList = B4709F742B0E3FFC00DBEADC /* Build configuration list for PBXProject "HH" */;
			compatibilityVersion = "Xcode 14.0";
			developmentRegion = en;
			hasScannedForEncodings = 0;
			knownRegions = (
				en,
				Base,
			);
			mainGroup = B4709F702B0E3FFC00DBEADC;
			packageReferences = (
				B4709F962B0E431E00DBEADC /* XCRemoteSwiftPackageReference "SnapKit" */,
			);
			productRefGroup = B4709F7A2B0E3FFC00DBEADC /* Products */;
			projectDirPath = "";
			projectRoot = "";
			targets = (
				B4709F782B0E3FFC00DBEADC /* HH */,
			);
		};
/* End PBXProject section */

/* Begin PBXResourcesBuildPhase section */
		B4709F772B0E3FFC00DBEADC /* Resources */ = {
			isa = PBXResourcesBuildPhase;
			buildActionMask = 2147483647;
			files = (
				B4709F892B0E3FFE00DBEADC /* LaunchScreen.storyboard in Resources */,
				B4709F862B0E3FFE00DBEADC /* Assets.xcassets in Resources */,
			);
			runOnlyForDeploymentPostprocessing = 0;
		};
/* End PBXResourcesBuildPhase section */

/* Begin PBXSourcesBuildPhase section */
		B4709F752B0E3FFC00DBEADC /* Sources */ = {
			isa = PBXSourcesBuildPhase;
			buildActionMask = 2147483647;
			files = (
				B4709F9A2B0E696400DBEADC /* View + Extension.swift in Sources */,
				B4709F812B0E3FFC00DBEADC /* MainViewController.swift in Sources */,
				B4709F7D2B0E3FFC00DBEADC /* AppDelegate.swift in Sources */,
				B4709F7F2B0E3FFC00DBEADC /* SceneDelegate.swift in Sources */,
			);
			runOnlyForDeploymentPostprocessing = 0;
		};
/* End PBXSourcesBuildPhase section */

/* Begin PBXVariantGroup section */
		B4709F872B0E3FFE00DBEADC /* LaunchScreen.storyboard */ = {
			isa = PBXVariantGroup;
			children = (
				B4709F882B0E3FFE00DBEADC /* Base */,
			);
			name = LaunchScreen.storyboard;
			sourceTree = "<group>";
		};
/* End PBXVariantGroup section */

/* Begin XCBuildConfiguration section */
		B4709F8B2B0E3FFE00DBEADC /* Debug */ = {
			isa = XCBuildConfiguration;
			buildSettings = {
				ALWAYS_SEARCH_USER_PATHS = NO;
				CLANG_ANALYZER_NONNULL = YES;
				CLANG_ANALYZER_NUMBER_OBJECT_CONVERSION = YES_AGGRESSIVE;
				CLANG_CXX_LANGUAGE_STANDARD = "gnu++20";
				CLANG_ENABLE_MODULES = YES;
				CLANG_ENABLE_OBJC_ARC = YES;
				CLANG_ENABLE_OBJC_WEAK = YES;
				CLANG_WARN_BLOCK_CAPTURE_AUTORELEASING = YES;
				CLANG_WARN_BOOL_CONVERSION = YES;
				CLANG_WARN_COMMA = YES;
				CLANG_WARN_CONSTANT_CONVERSION = YES;
				CLANG_WARN_DEPRECATED_OBJC_IMPLEMENTATIONS = YES;
				CLANG_WARN_DIRECT_OBJC_ISA_USAGE = YES_ERROR;
				CLANG_WARN_DOCUMENTATION_COMMENTS = YES;
				CLANG_WARN_EMPTY_BODY = YES;
				CLANG_WARN_ENUM_CONVERSION = YES;
				CLANG_WARN_INFINITE_RECURSION = YES;
				CLANG_WARN_INT_CONVERSION = YES;
				CLANG_WARN_NON_LITERAL_NULL_CONVERSION = YES;
				CLANG_WARN_OBJC_IMPLICIT_RETAIN_SELF = YES;
				CLANG_WARN_OBJC_LITERAL_CONVERSION = YES;
				CLANG_WARN_OBJC_ROOT_CLASS = YES_ERROR;
				CLANG_WARN_QUOTED_INCLUDE_IN_FRAMEWORK_HEADER = YES;
				CLANG_WARN_RANGE_LOOP_ANALYSIS = YES;
				CLANG_WARN_STRICT_PROTOTYPES = YES;
				CLANG_WARN_SUSPICIOUS_MOVE = YES;
				CLANG_WARN_UNGUARDED_AVAILABILITY = YES_AGGRESSIVE;
				CLANG_WARN_UNREACHABLE_CODE = YES;
				CLANG_WARN__DUPLICATE_METHOD_MATCH = YES;
				COPY_PHASE_STRIP = NO;
				DEBUG_INFORMATION_FORMAT = dwarf;
				ENABLE_STRICT_OBJC_MSGSEND = YES;
				ENABLE_TESTABILITY = YES;
				GCC_C_LANGUAGE_STANDARD = gnu11;
				GCC_DYNAMIC_NO_PIC = NO;
				GCC_NO_COMMON_BLOCKS = YES;
				GCC_OPTIMIZATION_LEVEL = 0;
				GCC_PREPROCESSOR_DEFINITIONS = (
					"DEBUG=1",
					"$(inherited)",
				);
				GCC_WARN_64_TO_32_BIT_CONVERSION = YES;
				GCC_WARN_ABOUT_RETURN_TYPE = YES_ERROR;
				GCC_WARN_UNDECLARED_SELECTOR = YES;
				GCC_WARN_UNINITIALIZED_AUTOS = YES_AGGRESSIVE;
				GCC_WARN_UNUSED_FUNCTION = YES;
				GCC_WARN_UNUSED_VARIABLE = YES;
				IPHONEOS_DEPLOYMENT_TARGET = 16.4;
				MTL_ENABLE_DEBUG_INFO = INCLUDE_SOURCE;
				MTL_FAST_MATH = YES;
				ONLY_ACTIVE_ARCH = YES;
				SDKROOT = iphoneos;
				SWIFT_ACTIVE_COMPILATION_CONDITIONS = DEBUG;
				SWIFT_OPTIMIZATION_LEVEL = "-Onone";
			};
			name = Debug;
		};
		B4709F8C2B0E3FFE00DBEADC /* Release */ = {
			isa = XCBuildConfiguration;
			buildSettings = {
				ALWAYS_SEARCH_USER_PATHS = NO;
				CLANG_ANALYZER_NONNULL = YES;
				CLANG_ANALYZER_NUMBER_OBJECT_CONVERSION = YES_AGGRESSIVE;
				CLANG_CXX_LANGUAGE_STANDARD = "gnu++20";
				CLANG_ENABLE_MODULES = YES;
				CLANG_ENABLE_OBJC_ARC = YES;
				CLANG_ENABLE_OBJC_WEAK = YES;
				CLANG_WARN_BLOCK_CAPTURE_AUTORELEASING = YES;
				CLANG_WARN_BOOL_CONVERSION = YES;
				CLANG_WARN_COMMA = YES;
				CLANG_WARN_CONSTANT_CONVERSION = YES;
				CLANG_WARN_DEPRECATED_OBJC_IMPLEMENTATIONS = YES;
				CLANG_WARN_DIRECT_OBJC_ISA_USAGE = YES_ERROR;
				CLANG_WARN_DOCUMENTATION_COMMENTS = YES;
				CLANG_WARN_EMPTY_BODY = YES;
				CLANG_WARN_ENUM_CONVERSION = YES;
				CLANG_WARN_INFINITE_RECURSION = YES;
				CLANG_WARN_INT_CONVERSION = YES;
				CLANG_WARN_NON_LITERAL_NULL_CONVERSION = YES;
				CLANG_WARN_OBJC_IMPLICIT_RETAIN_SELF = YES;
				CLANG_WARN_OBJC_LITERAL_CONVERSION = YES;
				CLANG_WARN_OBJC_ROOT_CLASS = YES_ERROR;
				CLANG_WARN_QUOTED_INCLUDE_IN_FRAMEWORK_HEADER = YES;
				CLANG_WARN_RANGE_LOOP_ANALYSIS = YES;
				CLANG_WARN_STRICT_PROTOTYPES = YES;
				CLANG_WARN_SUSPICIOUS_MOVE = YES;
				CLANG_WARN_UNGUARDED_AVAILABILITY = YES_AGGRESSIVE;
				CLANG_WARN_UNREACHABLE_CODE = YES;
				CLANG_WARN__DUPLICATE_METHOD_MATCH = YES;
				COPY_PHASE_STRIP = NO;
				DEBUG_INFORMATION_FORMAT = "dwarf-with-dsym";
				ENABLE_NS_ASSERTIONS = NO;
				ENABLE_STRICT_OBJC_MSGSEND = YES;
				GCC_C_LANGUAGE_STANDARD = gnu11;
				GCC_NO_COMMON_BLOCKS = YES;
				GCC_WARN_64_TO_32_BIT_CONVERSION = YES;
				GCC_WARN_ABOUT_RETURN_TYPE = YES_ERROR;
				GCC_WARN_UNDECLARED_SELECTOR = YES;
				GCC_WARN_UNINITIALIZED_AUTOS = YES_AGGRESSIVE;
				GCC_WARN_UNUSED_FUNCTION = YES;
				GCC_WARN_UNUSED_VARIABLE = YES;
				IPHONEOS_DEPLOYMENT_TARGET = 16.4;
				MTL_ENABLE_DEBUG_INFO = NO;
				MTL_FAST_MATH = YES;
				SDKROOT = iphoneos;
				SWIFT_COMPILATION_MODE = wholemodule;
				SWIFT_OPTIMIZATION_LEVEL = "-O";
				VALIDATE_PRODUCT = YES;
			};
			name = Release;
		};
		B4709F8E2B0E3FFE00DBEADC /* Debug */ = {
			isa = XCBuildConfiguration;
			buildSettings = {
				ASSETCATALOG_COMPILER_APPICON_NAME = AppIcon;
				ASSETCATALOG_COMPILER_GLOBAL_ACCENT_COLOR_NAME = AccentColor;
				CODE_SIGN_STYLE = Automatic;
				CURRENT_PROJECT_VERSION = 1;
				DEVELOPMENT_TEAM = 942JVQXP5N;
				GENERATE_INFOPLIST_FILE = YES;
				INFOPLIST_FILE = HH/Resourses/Configuration/Info.plist;
				INFOPLIST_KEY_UIApplicationSupportsIndirectInputEvents = YES;
				INFOPLIST_KEY_UILaunchStoryboardName = LaunchScreen;
				INFOPLIST_KEY_UISupportedInterfaceOrientations_iPad = "UIInterfaceOrientationPortrait UIInterfaceOrientationPortraitUpsideDown UIInterfaceOrientationLandscapeLeft UIInterfaceOrientationLandscapeRight";
				INFOPLIST_KEY_UISupportedInterfaceOrientations_iPhone = "UIInterfaceOrientationPortrait UIInterfaceOrientationLandscapeLeft UIInterfaceOrientationLandscapeRight";
				LD_RUNPATH_SEARCH_PATHS = (
					"$(inherited)",
					"@executable_path/Frameworks",
				);
				MARKETING_VERSION = 1.0;
				PRODUCT_BUNDLE_IDENTIFIER = com.dar.HH;
				PRODUCT_NAME = "$(TARGET_NAME)";
				SWIFT_EMIT_LOC_STRINGS = YES;
				SWIFT_VERSION = 5.0;
				TARGETED_DEVICE_FAMILY = "1,2";
			};
			name = Debug;
		};
		B4709F8F2B0E3FFE00DBEADC /* Release */ = {
			isa = XCBuildConfiguration;
			buildSettings = {
				ASSETCATALOG_COMPILER_APPICON_NAME = AppIcon;
				ASSETCATALOG_COMPILER_GLOBAL_ACCENT_COLOR_NAME = AccentColor;
				CODE_SIGN_STYLE = Automatic;
				CURRENT_PROJECT_VERSION = 1;
				DEVELOPMENT_TEAM = 942JVQXP5N;
				GENERATE_INFOPLIST_FILE = YES;
				INFOPLIST_FILE = HH/Resourses/Configuration/Info.plist;
				INFOPLIST_KEY_UIApplicationSupportsIndirectInputEvents = YES;
				INFOPLIST_KEY_UILaunchStoryboardName = LaunchScreen;
				INFOPLIST_KEY_UISupportedInterfaceOrientations_iPad = "UIInterfaceOrientationPortrait UIInterfaceOrientationPortraitUpsideDown UIInterfaceOrientationLandscapeLeft UIInterfaceOrientationLandscapeRight";
				INFOPLIST_KEY_UISupportedInterfaceOrientations_iPhone = "UIInterfaceOrientationPortrait UIInterfaceOrientationLandscapeLeft UIInterfaceOrientationLandscapeRight";
				LD_RUNPATH_SEARCH_PATHS = (
					"$(inherited)",
					"@executable_path/Frameworks",
				);
				MARKETING_VERSION = 1.0;
				PRODUCT_BUNDLE_IDENTIFIER = com.dar.HH;
				PRODUCT_NAME = "$(TARGET_NAME)";
				SWIFT_EMIT_LOC_STRINGS = YES;
				SWIFT_VERSION = 5.0;
				TARGETED_DEVICE_FAMILY = "1,2";
			};
			name = Release;
		};
/* End XCBuildConfiguration section */

/* Begin XCConfigurationList section */
		B4709F742B0E3FFC00DBEADC /* Build configuration list for PBXProject "HH" */ = {
			isa = XCConfigurationList;
			buildConfigurations = (
				B4709F8B2B0E3FFE00DBEADC /* Debug */,
				B4709F8C2B0E3FFE00DBEADC /* Release */,
			);
			defaultConfigurationIsVisible = 0;
			defaultConfigurationName = Release;
		};
		B4709F8D2B0E3FFE00DBEADC /* Build configuration list for PBXNativeTarget "HH" */ = {
			isa = XCConfigurationList;
			buildConfigurations = (
				B4709F8E2B0E3FFE00DBEADC /* Debug */,
				B4709F8F2B0E3FFE00DBEADC /* Release */,
			);
			defaultConfigurationIsVisible = 0;
			defaultConfigurationName = Release;
		};
/* End XCConfigurationList section */

/* Begin XCRemoteSwiftPackageReference section */
		B4709F962B0E431E00DBEADC /* XCRemoteSwiftPackageReference "SnapKit" */ = {
			isa = XCRemoteSwiftPackageReference;
			repositoryURL = "https://github.com/SnapKit/SnapKit.git";
			requirement = {
				kind = upToNextMajorVersion;
				minimumVersion = 5.0.0;
			};
		};
/* End XCRemoteSwiftPackageReference section */

/* Begin XCSwiftPackageProductDependency section */
		B4709F972B0E431E00DBEADC /* SnapKit */ = {
			isa = XCSwiftPackageProductDependency;
			package = B4709F962B0E431E00DBEADC /* XCRemoteSwiftPackageReference "SnapKit" */;
			productName = SnapKit;
		};
/* End XCSwiftPackageProductDependency section */
	};
	rootObject = B4709F712B0E3FFC00DBEADC /* Project object */;
}
